
Microsoft Visual Studio Solution File, Format Version 12.00
# Visual Studio Version 16
VisualStudioVersion = 16.0.35425.106
MinimumVisualStudioVersion = 10.0.40219.1
Project("{2150E333-8FDC-42A3-9474-1A3956D46DE8}") = "Solution", "Solution", "{0D71FD0C-62BA-4CF8-8021-A7E189C36DE5}"
	ProjectSection(SolutionItems) = preProject
		README.md = README.md
		Solution\Version.hpp = Solution\Version.hpp
	EndProjectSection
EndProject
Project("{2150E333-8FDC-42A3-9474-1A3956D46DE8}") = "Solution", "Solution", "{878FB378-4A61-4E7A-8AD5-B83C010A4D23}"
EndProject
Project("{8BC9CEB8-8B4A-11D0-8D11-00A0C91BC942}") = "Settings", "Solution\Solution\Externals\Tools\Settings\Settings.vcxproj", "{9734D0DB-DD79-4943-9EA3-187721FCCC5F}"
EndProject
Project("{8BC9CEB8-8B4A-11D0-8D11-00A0C91BC942}") = "Example", "Solution\Solution\Example\Example.vcxproj", "{5B245B95-DB85-463F-81B0-3E4D96E129DD}"
	ProjectSection(ProjectDependencies) = postProject
		{14D39672-98C5-490C-AABB-26FA695435E9} = {14D39672-98C5-490C-AABB-26FA695435E9}
		{9734D0DB-DD79-4943-9EA3-187721FCCC5F} = {9734D0DB-DD79-4943-9EA3-187721FCCC5F}
	EndProjectSection
EndProject
Project("{2150E333-8FDC-42A3-9474-1A3956D46DE8}") = "Launcher", "Launcher", "{591AF750-4261-4029-8C42-51ED19117A20}"
EndProject
Project("{8BC9CEB8-8B4A-11D0-8D11-00A0C91BC942}") = "Launcher", "Solution\Launcher\Launcher.vcxproj", "{EFE555D1-17F7-46C7-83BF-62BF32667B5C}"
	ProjectSection(ProjectDependencies) = postProject
		{14D39672-98C5-490C-AABB-26FA695435E9} = {14D39672-98C5-490C-AABB-26FA695435E9}
		{5B245B95-DB85-463F-81B0-3E4D96E129DD} = {5B245B95-DB85-463F-81B0-3E4D96E129DD}
		{EB3FF7BB-06FD-41E4-87A5-6144F69BCE15} = {EB3FF7BB-06FD-41E4-87A5-6144F69BCE15}
		{59B3F7E6-2068-4A4D-94F5-08AEF3EFF506} = {59B3F7E6-2068-4A4D-94F5-08AEF3EFF506}
	EndProjectSection
EndProject
Project("{8BC9CEB8-8B4A-11D0-8D11-00A0C91BC942}") = "Assets", "Solution\Solution\Assets\Assets.vcxproj", "{14D39672-98C5-490C-AABB-26FA695435E9}"
EndProject
Project("{8BC9CEB8-8B4A-11D0-8D11-00A0C91BC942}") = "Example.Android", "Solution\Solution\Example\Example.Android.vcxproj", "{EB3FF7BB-06FD-41E4-87A5-6144F69BCE15}"
EndProject
Project("{39E2626F-3545-4960-A6E8-258AD8476CE5}") = "Packaging", "Solution\Solution\Packaging\Packaging.androidproj", "{59B3F7E6-2068-4A4D-94F5-08AEF3EFF506}"
	ProjectSection(ProjectDependencies) = postProject
		{14D39672-98C5-490C-AABB-26FA695435E9} = {14D39672-98C5-490C-AABB-26FA695435E9}
		{EB3FF7BB-06FD-41E4-87A5-6144F69BCE15} = {EB3FF7BB-06FD-41E4-87A5-6144F69BCE15}
	EndProjectSection
EndProject
Global
	GlobalSection(SolutionConfigurationPlatforms) = preSolution
		Debug|ARM64 = Debug|ARM64
		Debug|Win32 = Debug|Win32
		Debug|x64 = Debug|x64
		Release|ARM64 = Release|ARM64
		Release|Win32 = Release|Win32
		Release|x64 = Release|x64
	EndGlobalSection
	GlobalSection(ProjectConfigurationPlatforms) = postSolution
		{9734D0DB-DD79-4943-9EA3-187721FCCC5F}.Debug|ARM64.ActiveCfg = Debug|x64
		{9734D0DB-DD79-4943-9EA3-187721FCCC5F}.Debug|Win32.ActiveCfg = Debug|x64
		{9734D0DB-DD79-4943-9EA3-187721FCCC5F}.Debug|x64.ActiveCfg = Debug|x64
		{9734D0DB-DD79-4943-9EA3-187721FCCC5F}.Debug|x64.Build.0 = Debug|x64
		{9734D0DB-DD79-4943-9EA3-187721FCCC5F}.Release|ARM64.ActiveCfg = Release|x64
		{9734D0DB-DD79-4943-9EA3-187721FCCC5F}.Release|Win32.ActiveCfg = Release|x64
		{9734D0DB-DD79-4943-9EA3-187721FCCC5F}.Release|x64.ActiveCfg = Release|x64
		{9734D0DB-DD79-4943-9EA3-187721FCCC5F}.Release|x64.Build.0 = Release|x64
		{5B245B95-DB85-463F-81B0-3E4D96E129DD}.Debug|ARM64.ActiveCfg = Debug|x64
		{5B245B95-DB85-463F-81B0-3E4D96E129DD}.Debug|Win32.ActiveCfg = Debug|Win32
		{5B245B95-DB85-463F-81B0-3E4D96E129DD}.Debug|Win32.Build.0 = Debug|Win32
		{5B245B95-DB85-463F-81B0-3E4D96E129DD}.Debug|x64.ActiveCfg = Debug|x64
		{5B245B95-DB85-463F-81B0-3E4D96E129DD}.Debug|x64.Build.0 = Debug|x64
		{5B245B95-DB85-463F-81B0-3E4D96E129DD}.Release|ARM64.ActiveCfg = Release|x64
		{5B245B95-DB85-463F-81B0-3E4D96E129DD}.Release|Win32.ActiveCfg = Release|Win32
		{5B245B95-DB85-463F-81B0-3E4D96E129DD}.Release|Win32.Build.0 = Release|Win32
		{5B245B95-DB85-463F-81B0-3E4D96E129DD}.Release|x64.ActiveCfg = Release|x64
		{5B245B95-DB85-463F-81B0-3E4D96E129DD}.Release|x64.Build.0 = Release|x64
		{EFE555D1-17F7-46C7-83BF-62BF32667B5C}.Debug|ARM64.ActiveCfg = Debug|Win32
		{EFE555D1-17F7-46C7-83BF-62BF32667B5C}.Debug|ARM64.Build.0 = Debug|Win32
		{EFE555D1-17F7-46C7-83BF-62BF32667B5C}.Debug|Win32.ActiveCfg = Debug|Win32
		{EFE555D1-17F7-46C7-83BF-62BF32667B5C}.Debug|Win32.Build.0 = Debug|Win32
		{EFE555D1-17F7-46C7-83BF-62BF32667B5C}.Debug|x64.ActiveCfg = Debug|x64
		{EFE555D1-17F7-46C7-83BF-62BF32667B5C}.Debug|x64.Build.0 = Debug|x64
		{EFE555D1-17F7-46C7-83BF-62BF32667B5C}.Release|ARM64.ActiveCfg = Release|Win32
		{EFE555D1-17F7-46C7-83BF-62BF32667B5C}.Release|ARM64.Build.0 = Release|Win32
		{EFE555D1-17F7-46C7-83BF-62BF32667B5C}.Release|Win32.ActiveCfg = Release|Win32
		{EFE555D1-17F7-46C7-83BF-62BF32667B5C}.Release|Win32.Build.0 = Release|Win32
		{EFE555D1-17F7-46C7-83BF-62BF32667B5C}.Release|x64.ActiveCfg = Release|x64
		{EFE555D1-17F7-46C7-83BF-62BF32667B5C}.Release|x64.Build.0 = Release|x64
		{14D39672-98C5-490C-AABB-26FA695435E9}.Debug|ARM64.ActiveCfg = Debug|x64
		{14D39672-98C5-490C-AABB-26FA695435E9}.Debug|ARM64.Build.0 = Debug|x64
		{14D39672-98C5-490C-AABB-26FA695435E9}.Debug|Win32.ActiveCfg = Debug|Win32
		{14D39672-98C5-490C-AABB-26FA695435E9}.Debug|Win32.Build.0 = Debug|Win32
		{14D39672-98C5-490C-AABB-26FA695435E9}.Debug|x64.ActiveCfg = Debug|x64
		{14D39672-98C5-490C-AABB-26FA695435E9}.Debug|x64.Build.0 = Debug|x64
		{14D39672-98C5-490C-AABB-26FA695435E9}.Release|ARM64.ActiveCfg = Release|x64
		{14D39672-98C5-490C-AABB-26FA695435E9}.Release|ARM64.Build.0 = Release|x64
		{14D39672-98C5-490C-AABB-26FA695435E9}.Release|Win32.ActiveCfg = Release|Win32
		{14D39672-98C5-490C-AABB-26FA695435E9}.Release|Win32.Build.0 = Release|Win32
		{14D39672-98C5-490C-AABB-26FA695435E9}.Release|x64.ActiveCfg = Release|x64
		{14D39672-98C5-490C-AABB-26FA695435E9}.Release|x64.Build.0 = Release|x64
		{EB3FF7BB-06FD-41E4-87A5-6144F69BCE15}.Debug|ARM64.ActiveCfg = Debug|ARM64
		{EB3FF7BB-06FD-41E4-87A5-6144F69BCE15}.Debug|ARM64.Build.0 = Debug|ARM64
		{EB3FF7BB-06FD-41E4-87A5-6144F69BCE15}.Debug|Win32.ActiveCfg = Debug|x86
		{EB3FF7BB-06FD-41E4-87A5-6144F69BCE15}.Debug|Win32.Build.0 = Debug|x86
		{EB3FF7BB-06FD-41E4-87A5-6144F69BCE15}.Debug|x64.ActiveCfg = Debug|ARM64
		{EB3FF7BB-06FD-41E4-87A5-6144F69BCE15}.Release|ARM64.ActiveCfg = Release|ARM64
		{EB3FF7BB-06FD-41E4-87A5-6144F69BCE15}.Release|ARM64.Build.0 = Release|ARM64
		{EB3FF7BB-06FD-41E4-87A5-6144F69BCE15}.Release|Win32.ActiveCfg = Release|x86
		{EB3FF7BB-06FD-41E4-87A5-6144F69BCE15}.Release|Win32.Build.0 = Release|x86
		{EB3FF7BB-06FD-41E4-87A5-6144F69BCE15}.Release|x64.ActiveCfg = Release|ARM64
		{59B3F7E6-2068-4A4D-94F5-08AEF3EFF506}.Debug|ARM64.ActiveCfg = Debug|ARM64
		{59B3F7E6-2068-4A4D-94F5-08AEF3EFF506}.Debug|ARM64.Build.0 = Debug|ARM64
		{59B3F7E6-2068-4A4D-94F5-08AEF3EFF506}.Debug|Win32.ActiveCfg = Debug|x86
		{59B3F7E6-2068-4A4D-94F5-08AEF3EFF506}.Debug|Win32.Build.0 = Debug|x86
		{59B3F7E6-2068-4A4D-94F5-08AEF3EFF506}.Debug|Win32.Deploy.0 = Debug|x86
		{59B3F7E6-2068-4A4D-94F5-08AEF3EFF506}.Debug|x64.ActiveCfg = Debug|ARM64
		{59B3F7E6-2068-4A4D-94F5-08AEF3EFF506}.Release|ARM64.ActiveCfg = Release|ARM64
		{59B3F7E6-2068-4A4D-94F5-08AEF3EFF506}.Release|ARM64.Build.0 = Release|ARM64
		{59B3F7E6-2068-4A4D-94F5-08AEF3EFF506}.Release|Win32.ActiveCfg = Release|x86
		{59B3F7E6-2068-4A4D-94F5-08AEF3EFF506}.Release|Win32.Build.0 = Release|x86
		{59B3F7E6-2068-4A4D-94F5-08AEF3EFF506}.Release|Win32.Deploy.0 = Release|x86
		{59B3F7E6-2068-4A4D-94F5-08AEF3EFF506}.Release|x64.ActiveCfg = Release|ARM64
	EndGlobalSection
	GlobalSection(SolutionProperties) = preSolution
		HideSolutionNode = FALSE
	EndGlobalSection
	GlobalSection(NestedProjects) = preSolution
		{878FB378-4A61-4E7A-8AD5-B83C010A4D23} = {0D71FD0C-62BA-4CF8-8021-A7E189C36DE5}
		{9734D0DB-DD79-4943-9EA3-187721FCCC5F} = {591AF750-4261-4029-8C42-51ED19117A20}
		{5B245B95-DB85-463F-81B0-3E4D96E129DD} = {878FB378-4A61-4E7A-8AD5-B83C010A4D23}
		{591AF750-4261-4029-8C42-51ED19117A20} = {0D71FD0C-62BA-4CF8-8021-A7E189C36DE5}
		{EFE555D1-17F7-46C7-83BF-62BF32667B5C} = {591AF750-4261-4029-8C42-51ED19117A20}
		{14D39672-98C5-490C-AABB-26FA695435E9} = {878FB378-4A61-4E7A-8AD5-B83C010A4D23}
		{EB3FF7BB-06FD-41E4-87A5-6144F69BCE15} = {878FB378-4A61-4E7A-8AD5-B83C010A4D23}
		{59B3F7E6-2068-4A4D-94F5-08AEF3EFF506} = {878FB378-4A61-4E7A-8AD5-B83C010A4D23}
	EndGlobalSection
	GlobalSection(ExtensibilityGlobals) = postSolution
		SolutionGuid = {A741A4AC-A299-4144-8865-D0D5B39AC9DC}
	EndGlobalSection
EndGlobal
