<?xml version="1.0" encoding="utf-8"?>
<Project ToolsVersion="4.0" xmlns="http://schemas.microsoft.com/developer/msbuild/2003">
  <ItemGroup>
    <ClCompile Include="Packer.cpp" />
    <ClCompile Include="stdafx.cpp">
      <Filter>Common</Filter>
    </ClCompile>
  </ItemGroup>
  <ItemGroup>
    <Filter Include="Common">
      <UniqueIdentifier>{00371d11-ab07-49fe-80d6-f890d82ee5f0}</UniqueIdentifier>
    </Filter>
    <Filter Include="Assets">
      <UniqueIdentifier>{ea581e06-9006-478e-92be-e530c8d208d6}</UniqueIdentifier>
    </Filter>
    <Filter Include="Assets\Data">
      <UniqueIdentifier>{7e960ee1-1be7-426d-aaf4-4c6cf9062926}</UniqueIdentifier>
    </Filter>
  </ItemGroup>
  <ItemGroup>
    <ClInclude Include="stdafx.h">
      <Filter>Common</Filter>
    </ClInclude>
    <ClInclude Include="targetver.h">
      <Filter>Common</Filter>
    </ClInclude>
  </ItemGroup>
  <ItemGroup>
    <ResourceCompile Include="Version.rc">
      <Filter>Common</Filter>
    </ResourceCompile>
  </ItemGroup>
  <ItemGroup>
    <None Include="Assets\Data\main.rcss">
      <Filter>Assets\Data</Filter>
    </None>
    <None Include="Assets\Data\main.rml">
      <Filter>Assets\Data</Filter>
    </None>
  </ItemGroup>
</Project>